
Microsoft Visual Studio Solution File, Format Version 12.00
# Visual Studio Version 17
VisualStudioVersion = 17.2.32519.379
MinimumVisualStudioVersion = 10.0.40219.1
Project("{8BC9CEB8-8B4A-11D0-8D11-00A0C91BC942}") = "Primer_Proyecto", "Primer_Proyecto\Primer_Proyecto.vcxproj", "{A6836A0C-347C-4C5B-A99A-785E9C37FE0E}"
EndProject
Project("{8BC9CEB8-8B4A-11D0-8D11-00A0C91BC942}") = "Practica 1", "Practica 1\Practica 1.vcxproj", "{05A57305-7AFB-4CBD-8AE5-3BF984915C77}"
EndProject
Project("{8BC9CEB8-8B4A-11D0-8D11-00A0C91BC942}") = "Practica 2", "Practica 2\Practica 2.vcxproj", "{4AAAB844-8DFE-45FC-ADC1-EBE0637D3EB0}"
EndProject
Project("{8BC9CEB8-8B4A-11D0-8D11-00A0C91BC942}") = "Practica 3", "Practica 3\Practica 3.vcxproj", "{199B9E58-403E-4B1E-A948-2A18CC45FCCA}"
EndProject
Project("{8BC9CEB8-8B4A-11D0-8D11-00A0C91BC942}") = "Practica 4", "Practica 4\Practica 4.vcxproj", "{30FAE2C5-E7CF-4DB5-A913-11ABB388AD4D}"
EndProject
Global
	GlobalSection(SolutionConfigurationPlatforms) = preSolution
		Debug|x64 = Debug|x64
		Debug|x86 = Debug|x86
		Release|x64 = Release|x64
		Release|x86 = Release|x86
	EndGlobalSection
	GlobalSection(ProjectConfigurationPlatforms) = postSolution
		{A6836A0C-347C-4C5B-A99A-785E9C37FE0E}.Debug|x64.ActiveCfg = Debug|x64
		{A6836A0C-347C-4C5B-A99A-785E9C37FE0E}.Debug|x64.Build.0 = Debug|x64
		{A6836A0C-347C-4C5B-A99A-785E9C37FE0E}.Debug|x86.ActiveCfg = Debug|Win32
		{A6836A0C-347C-4C5B-A99A-785E9C37FE0E}.Debug|x86.Build.0 = Debug|Win32
		{A6836A0C-347C-4C5B-A99A-785E9C37FE0E}.Release|x64.ActiveCfg = Release|x64
		{A6836A0C-347C-4C5B-A99A-785E9C37FE0E}.Release|x64.Build.0 = Release|x64
		{A6836A0C-347C-4C5B-A99A-785E9C37FE0E}.Release|x86.ActiveCfg = Release|Win32
		{A6836A0C-347C-4C5B-A99A-785E9C37FE0E}.Release|x86.Build.0 = Release|Win32
		{05A57305-7AFB-4CBD-8AE5-3BF984915C77}.Debug|x64.ActiveCfg = Debug|x64
		{05A57305-7AFB-4CBD-8AE5-3BF984915C77}.Debug|x64.Build.0 = Debug|x64
		{05A57305-7AFB-4CBD-8AE5-3BF984915C77}.Debug|x86.ActiveCfg = Debug|Win32
		{05A57305-7AFB-4CBD-8AE5-3BF984915C77}.Debug|x86.Build.0 = Debug|Win32
		{05A57305-7AFB-4CBD-8AE5-3BF984915C77}.Release|x64.ActiveCfg = Release|x64
		{05A57305-7AFB-4CBD-8AE5-3BF984915C77}.Release|x64.Build.0 = Release|x64
		{05A57305-7AFB-4CBD-8AE5-3BF984915C77}.Release|x86.ActiveCfg = Release|Win32
		{05A57305-7AFB-4CBD-8AE5-3BF984915C77}.Release|x86.Build.0 = Release|Win32
		{4AAAB844-8DFE-45FC-ADC1-EBE0637D3EB0}.Debug|x64.ActiveCfg = Debug|x64
		{4AAAB844-8DFE-45FC-ADC1-EBE0637D3EB0}.Debug|x64.Build.0 = Debug|x64
		{4AAAB844-8DFE-45FC-ADC1-EBE0637D3EB0}.Debug|x86.ActiveCfg = Debug|Win32
		{4AAAB844-8DFE-45FC-ADC1-EBE0637D3EB0}.Debug|x86.Build.0 = Debug|Win32
		{4AAAB844-8DFE-45FC-ADC1-EBE0637D3EB0}.Release|x64.ActiveCfg = Release|x64
		{4AAAB844-8DFE-45FC-ADC1-EBE0637D3EB0}.Release|x64.Build.0 = Release|x64
		{4AAAB844-8DFE-45FC-ADC1-EBE0637D3EB0}.Release|x86.ActiveCfg = Release|Win32
		{4AAAB844-8DFE-45FC-ADC1-EBE0637D3EB0}.Release|x86.Build.0 = Release|Win32
		{199B9E58-403E-4B1E-A948-2A18CC45FCCA}.Debug|x64.ActiveCfg = Debug|x64
		{199B9E58-403E-4B1E-A948-2A18CC45FCCA}.Debug|x64.Build.0 = Debug|x64
		{199B9E58-403E-4B1E-A948-2A18CC45FCCA}.Debug|x86.ActiveCfg = Debug|Win32
		{199B9E58-403E-4B1E-A948-2A18CC45FCCA}.Debug|x86.Build.0 = Debug|Win32
		{199B9E58-403E-4B1E-A948-2A18CC45FCCA}.Release|x64.ActiveCfg = Release|x64
		{199B9E58-403E-4B1E-A948-2A18CC45FCCA}.Release|x64.Build.0 = Release|x64
		{199B9E58-403E-4B1E-A948-2A18CC45FCCA}.Release|x86.ActiveCfg = Release|Win32
		{199B9E58-403E-4B1E-A948-2A18CC45FCCA}.Release|x86.Build.0 = Release|Win32
		{30FAE2C5-E7CF-4DB5-A913-11ABB388AD4D}.Debug|x64.ActiveCfg = Debug|x64
		{30FAE2C5-E7CF-4DB5-A913-11ABB388AD4D}.Debug|x64.Build.0 = Debug|x64
		{30FAE2C5-E7CF-4DB5-A913-11ABB388AD4D}.Debug|x86.ActiveCfg = Debug|Win32
		{30FAE2C5-E7CF-4DB5-A913-11ABB388AD4D}.Debug|x86.Build.0 = Debug|Win32
		{30FAE2C5-E7CF-4DB5-A913-11ABB388AD4D}.Release|x64.ActiveCfg = Release|x64
		{30FAE2C5-E7CF-4DB5-A913-11ABB388AD4D}.Release|x64.Build.0 = Release|x64
		{30FAE2C5-E7CF-4DB5-A913-11ABB388AD4D}.Release|x86.ActiveCfg = Release|Win32
		{30FAE2C5-E7CF-4DB5-A913-11ABB388AD4D}.Release|x86.Build.0 = Release|Win32
	EndGlobalSection
	GlobalSection(SolutionProperties) = preSolution
		HideSolutionNode = FALSE
	EndGlobalSection
	GlobalSection(ExtensibilityGlobals) = postSolution
		SolutionGuid = {CB208241-3B31-4545-B148-E54FAB0DF3C8}
	EndGlobalSection
EndGlobal
